
Microsoft Visual Studio Solution File, Format Version 12.00
# Visual Studio Version 17
VisualStudioVersion = 17.4.33213.308
MinimumVisualStudioVersion = 10.0.40219.1
Project("{FAE04EC0-301F-11D3-BF4B-00C04F79EFBC}") = "UIWpfApp", "CirculationIUWpfApp\UIWpfApp.csproj", "{3D8FB86E-AE14-484E-8AC5-4EEEF2A2D67D}"
EndProject
Project("{FAE04EC0-301F-11D3-BF4B-00C04F79EFBC}") = "UIComponent", "UIComponent\UIComponent.csproj", "{856DB518-97E0-408A-A214-2DBBFD4B4290}"
EndProject
Global
	GlobalSection(SolutionConfigurationPlatforms) = preSolution
		Debug|Any CPU = Debug|Any CPU
		Release|Any CPU = Release|Any CPU
	EndGlobalSection
	GlobalSection(ProjectConfigurationPlatforms) = postSolution
		{3D8FB86E-AE14-484E-8AC5-4EEEF2A2D67D}.Debug|Any CPU.ActiveCfg = Debug|Any CPU
		{3D8FB86E-AE14-484E-8AC5-4EEEF2A2D67D}.Debug|Any CPU.Build.0 = Debug|Any CPU
		{3D8FB86E-AE14-484E-8AC5-4EEEF2A2D67D}.Release|Any CPU.ActiveCfg = Release|Any CPU
		{3D8FB86E-AE14-484E-8AC5-4EEEF2A2D67D}.Release|Any CPU.Build.0 = Release|Any CPU
		{856DB518-97E0-408A-A214-2DBBFD4B4290}.Debug|Any CPU.ActiveCfg = Debug|Any CPU
		{856DB518-97E0-408A-A214-2DBBFD4B4290}.Debug|Any CPU.Build.0 = Debug|Any CPU
		{856DB518-97E0-408A-A214-2DBBFD4B4290}.Release|Any CPU.ActiveCfg = Release|Any CPU
		{856DB518-97E0-408A-A214-2DBBFD4B4290}.Release|Any CPU.Build.0 = Release|Any CPU
	EndGlobalSection
	GlobalSection(SolutionProperties) = preSolution
		HideSolutionNode = FALSE
	EndGlobalSection
	GlobalSection(ExtensibilityGlobals) = postSolution
		SolutionGuid = {9B89893D-F903-4BB1-9925-904B6CA289E6}
	EndGlobalSection
EndGlobal
